// !$*UTF8*$!
{
	archiveVersion = 1;
	classes = {
	};
	objectVersion = 46;
	objects = {

/* Begin PBXBuildFile section */
		50746DAA195AD79100DA64F7 /* CENatGeoAnimationController.m in Sources */ = {isa = PBXBuildFile; fileRef = 50746DA7195AD79100DA64F7 /* CENatGeoAnimationController.m */; };
		50746DAB195AD79100DA64F7 /* CEReversibleAnimationController.m in Sources */ = {isa = PBXBuildFile; fileRef = 50746DA9195AD79100DA64F7 /* CEReversibleAnimationController.m */; };
		50D51F911952C6D5001E703B /* Foundation.framework in Frameworks */ = {isa = PBXBuildFile; fileRef = 50D51F901952C6D5001E703B /* Foundation.framework */; };
		50D51F931952C6D5001E703B /* CoreGraphics.framework in Frameworks */ = {isa = PBXBuildFile; fileRef = 50D51F921952C6D5001E703B /* CoreGraphics.framework */; };
		50D51F951952C6D5001E703B /* UIKit.framework in Frameworks */ = {isa = PBXBuildFile; fileRef = 50D51F941952C6D5001E703B /* UIKit.framework */; };
		50D51F9B1952C6D5001E703B /* InfoPlist.strings in Resources */ = {isa = PBXBuildFile; fileRef = 50D51F991952C6D5001E703B /* InfoPlist.strings */; };
		50D51F9D1952C6D5001E703B /* main.m in Sources */ = {isa = PBXBuildFile; fileRef = 50D51F9C1952C6D5001E703B /* main.m */; };
		50D51FA11952C6D5001E703B /* BMXAppDelegate.m in Sources */ = {isa = PBXBuildFile; fileRef = 50D51FA01952C6D5001E703B /* BMXAppDelegate.m */; };
		50D51FA41952C6D5001E703B /* Main.storyboard in Resources */ = {isa = PBXBuildFile; fileRef = 50D51FA21952C6D5001E703B /* Main.storyboard */; };
		50D51FA91952C6D5001E703B /* Images.xcassets in Resources */ = {isa = PBXBuildFile; fileRef = 50D51FA81952C6D5001E703B /* Images.xcassets */; };
		50D51FB01952C6D5001E703B /* XCTest.framework in Frameworks */ = {isa = PBXBuildFile; fileRef = 50D51FAF1952C6D5001E703B /* XCTest.framework */; };
		50D51FB11952C6D5001E703B /* Foundation.framework in Frameworks */ = {isa = PBXBuildFile; fileRef = 50D51F901952C6D5001E703B /* Foundation.framework */; };
		50D51FB21952C6D5001E703B /* UIKit.framework in Frameworks */ = {isa = PBXBuildFile; fileRef = 50D51F941952C6D5001E703B /* UIKit.framework */; };
		50D51FBA1952C6D5001E703B /* InfoPlist.strings in Resources */ = {isa = PBXBuildFile; fileRef = 50D51FB81952C6D5001E703B /* InfoPlist.strings */; };
		50D51FBC1952C6D5001E703B /* StatusBarTestTests.m in Sources */ = {isa = PBXBuildFile; fileRef = 50D51FBB1952C6D5001E703B /* StatusBarTestTests.m */; };
		50D51FCA1952C7BE001E703B /* BMXViewController.m in Sources */ = {isa = PBXBuildFile; fileRef = 50D51FC91952C7BE001E703B /* BMXViewController.m */; };
/* End PBXBuildFile section */

/* Begin PBXContainerItemProxy section */
		50D51FB31952C6D5001E703B /* PBXContainerItemProxy */ = {
			isa = PBXContainerItemProxy;
			containerPortal = 50D51F851952C6D5001E703B /* Project object */;
			proxyType = 1;
			remoteGlobalIDString = 50D51F8C1952C6D5001E703B;
			remoteInfo = StatusBarTest;
		};
/* End PBXContainerItemProxy section */

/* Begin PBXFileReference section */
		50746DA6195AD79100DA64F7 /* CENatGeoAnimationController.h */ = {isa = PBXFileReference; fileEncoding = 4; lastKnownFileType = sourcecode.c.h; path = CENatGeoAnimationController.h; sourceTree = "<group>"; };
		50746DA7195AD79100DA64F7 /* CENatGeoAnimationController.m */ = {isa = PBXFileReference; fileEncoding = 4; lastKnownFileType = sourcecode.c.objc; path = CENatGeoAnimationController.m; sourceTree = "<group>"; };
		50746DA8195AD79100DA64F7 /* CEReversibleAnimationController.h */ = {isa = PBXFileReference; fileEncoding = 4; lastKnownFileType = sourcecode.c.h; path = CEReversibleAnimationController.h; sourceTree = "<group>"; };
		50746DA9195AD79100DA64F7 /* CEReversibleAnimationController.m */ = {isa = PBXFileReference; fileEncoding = 4; lastKnownFileType = sourcecode.c.objc; path = CEReversibleAnimationController.m; sourceTree = "<group>"; };
		50D51F8D1952C6D5001E703B /* StatusBarTest.app */ = {isa = PBXFileReference; explicitFileType = wrapper.application; includeInIndex = 0; path = StatusBarTest.app; sourceTree = BUILT_PRODUCTS_DIR; };
		50D51F901952C6D5001E703B /* Foundation.framework */ = {isa = PBXFileReference; lastKnownFileType = wrapper.framework; name = Foundation.framework; path = System/Library/Frameworks/Foundation.framework; sourceTree = SDKROOT; };
		50D51F921952C6D5001E703B /* CoreGraphics.framework */ = {isa = PBXFileReference; lastKnownFileType = wrapper.framework; name = CoreGraphics.framework; path = System/Library/Frameworks/CoreGraphics.framework; sourceTree = SDKROOT; };
		50D51F941952C6D5001E703B /* UIKit.framework */ = {isa = PBXFileReference; lastKnownFileType = wrapper.framework; name = UIKit.framework; path = System/Library/Frameworks/UIKit.framework; sourceTree = SDKROOT; };
		50D51F981952C6D5001E703B /* StatusBarTest-Info.plist */ = {isa = PBXFileReference; lastKnownFileType = text.plist.xml; path = "StatusBarTest-Info.plist"; sourceTree = "<group>"; };
		50D51F9A1952C6D5001E703B /* en */ = {isa = PBXFileReference; lastKnownFileType = text.plist.strings; name = en; path = en.lproj/InfoPlist.strings; sourceTree = "<group>"; };
		50D51F9C1952C6D5001E703B /* main.m */ = {isa = PBXFileReference; lastKnownFileType = sourcecode.c.objc; path = main.m; sourceTree = "<group>"; };
		50D51F9E1952C6D5001E703B /* StatusBarTest-Prefix.pch */ = {isa = PBXFileReference; lastKnownFileType = sourcecode.c.h; path = "StatusBarTest-Prefix.pch"; sourceTree = "<group>"; };
		50D51F9F1952C6D5001E703B /* BMXAppDelegate.h */ = {isa = PBXFileReference; lastKnownFileType = sourcecode.c.h; path = BMXAppDelegate.h; sourceTree = "<group>"; };
		50D51FA01952C6D5001E703B /* BMXAppDelegate.m */ = {isa = PBXFileReference; lastKnownFileType = sourcecode.c.objc; path = BMXAppDelegate.m; sourceTree = "<group>"; };
		50D51FA31952C6D5001E703B /* Base */ = {isa = PBXFileReference; lastKnownFileType = file.storyboard; name = Base; path = Base.lproj/Main.storyboard; sourceTree = "<group>"; };
		50D51FA81952C6D5001E703B /* Images.xcassets */ = {isa = PBXFileReference; lastKnownFileType = folder.assetcatalog; path = Images.xcassets; sourceTree = "<group>"; };
		50D51FAE1952C6D5001E703B /* StatusBarTestTests.xctest */ = {isa = PBXFileReference; explicitFileType = wrapper.cfbundle; includeInIndex = 0; path = StatusBarTestTests.xctest; sourceTree = BUILT_PRODUCTS_DIR; };
		50D51FAF1952C6D5001E703B /* XCTest.framework */ = {isa = PBXFileReference; lastKnownFileType = wrapper.framework; name = XCTest.framework; path = Library/Frameworks/XCTest.framework; sourceTree = DEVELOPER_DIR; };
		50D51FB71952C6D5001E703B /* StatusBarTestTests-Info.plist */ = {isa = PBXFileReference; lastKnownFileType = text.plist.xml; path = "StatusBarTestTests-Info.plist"; sourceTree = "<group>"; };
		50D51FB91952C6D5001E703B /* en */ = {isa = PBXFileReference; lastKnownFileType = text.plist.strings; name = en; path = en.lproj/InfoPlist.strings; sourceTree = "<group>"; };
		50D51FBB1952C6D5001E703B /* StatusBarTestTests.m */ = {isa = PBXFileReference; lastKnownFileType = sourcecode.c.objc; path = StatusBarTestTests.m; sourceTree = "<group>"; };
		50D51FC81952C7BE001E703B /* BMXViewController.h */ = {isa = PBXFileReference; fileEncoding = 4; lastKnownFileType = sourcecode.c.h; path = BMXViewController.h; sourceTree = "<group>"; };
		50D51FC91952C7BE001E703B /* BMXViewController.m */ = {isa = PBXFileReference; fileEncoding = 4; lastKnownFileType = sourcecode.c.objc; path = BMXViewController.m; sourceTree = "<group>"; };
/* End PBXFileReference section */

/* Begin PBXFrameworksBuildPhase section */
		50D51F8A1952C6D5001E703B /* Frameworks */ = {
			isa = PBXFrameworksBuildPhase;
			buildActionMask = 2147483647;
			files = (
				50D51F931952C6D5001E703B /* CoreGraphics.framework in Frameworks */,
				50D51F951952C6D5001E703B /* UIKit.framework in Frameworks */,
				50D51F911952C6D5001E703B /* Foundation.framework in Frameworks */,
			);
			runOnlyForDeploymentPostprocessing = 0;
		};
		50D51FAB1952C6D5001E703B /* Frameworks */ = {
			isa = PBXFrameworksBuildPhase;
			buildActionMask = 2147483647;
			files = (
				50D51FB01952C6D5001E703B /* XCTest.framework in Frameworks */,
				50D51FB21952C6D5001E703B /* UIKit.framework in Frameworks */,
				50D51FB11952C6D5001E703B /* Foundation.framework in Frameworks */,
			);
			runOnlyForDeploymentPostprocessing = 0;
		};
/* End PBXFrameworksBuildPhase section */

/* Begin PBXGroup section */
		50D51F841952C6D5001E703B = {
			isa = PBXGroup;
			children = (
				50D51F961952C6D5001E703B /* StatusBarTest */,
				50D51FB51952C6D5001E703B /* StatusBarTestTests */,
				50D51F8F1952C6D5001E703B /* Frameworks */,
				50D51F8E1952C6D5001E703B /* Products */,
			);
			sourceTree = "<group>";
		};
		50D51F8E1952C6D5001E703B /* Products */ = {
			isa = PBXGroup;
			children = (
				50D51F8D1952C6D5001E703B /* StatusBarTest.app */,
				50D51FAE1952C6D5001E703B /* StatusBarTestTests.xctest */,
			);
			name = Products;
			sourceTree = "<group>";
		};
		50D51F8F1952C6D5001E703B /* Frameworks */ = {
			isa = PBXGroup;
			children = (
				50D51F901952C6D5001E703B /* Foundation.framework */,
				50D51F921952C6D5001E703B /* CoreGraphics.framework */,
				50D51F941952C6D5001E703B /* UIKit.framework */,
				50D51FAF1952C6D5001E703B /* XCTest.framework */,
			);
			name = Frameworks;
			sourceTree = "<group>";
		};
		50D51F961952C6D5001E703B /* StatusBarTest */ = {
			isa = PBXGroup;
			children = (
				50746DA6195AD79100DA64F7 /* CENatGeoAnimationController.h */,
				50746DA7195AD79100DA64F7 /* CENatGeoAnimationController.m */,
				50746DA8195AD79100DA64F7 /* CEReversibleAnimationController.h */,
				50746DA9195AD79100DA64F7 /* CEReversibleAnimationController.m */,
				50D51F9F1952C6D5001E703B /* BMXAppDelegate.h */,
				50D51FA01952C6D5001E703B /* BMXAppDelegate.m */,
				50D51FA21952C6D5001E703B /* Main.storyboard */,
				50D51FA81952C6D5001E703B /* Images.xcassets */,
				50D51F971952C6D5001E703B /* Supporting Files */,
				50D51FC81952C7BE001E703B /* BMXViewController.h */,
				50D51FC91952C7BE001E703B /* BMXViewController.m */,
			);
			path = StatusBarTest;
			sourceTree = "<group>";
		};
		50D51F971952C6D5001E703B /* Supporting Files */ = {
			isa = PBXGroup;
			children = (
				50D51F981952C6D5001E703B /* StatusBarTest-Info.plist */,
				50D51F991952C6D5001E703B /* InfoPlist.strings */,
				50D51F9C1952C6D5001E703B /* main.m */,
				50D51F9E1952C6D5001E703B /* StatusBarTest-Prefix.pch */,
			);
			name = "Supporting Files";
			sourceTree = "<group>";
		};
		50D51FB51952C6D5001E703B /* StatusBarTestTests */ = {
			isa = PBXGroup;
			children = (
				50D51FBB1952C6D5001E703B /* StatusBarTestTests.m */,
				50D51FB61952C6D5001E703B /* Supporting Files */,
			);
			path = StatusBarTestTests;
			sourceTree = "<group>";
		};
		50D51FB61952C6D5001E703B /* Supporting Files */ = {
			isa = PBXGroup;
			children = (
				50D51FB71952C6D5001E703B /* StatusBarTestTests-Info.plist */,
				50D51FB81952C6D5001E703B /* InfoPlist.strings */,
			);
			name = "Supporting Files";
			sourceTree = "<group>";
		};
/* End PBXGroup section */

/* Begin PBXNativeTarget section */
		50D51F8C1952C6D5001E703B /* StatusBarTest */ = {
			isa = PBXNativeTarget;
			buildConfigurationList = 50D51FBF1952C6D5001E703B /* Build configuration list for PBXNativeTarget "StatusBarTest" */;
			buildPhases = (
				50D51F891952C6D5001E703B /* Sources */,
				50D51F8A1952C6D5001E703B /* Frameworks */,
				50D51F8B1952C6D5001E703B /* Resources */,
			);
			buildRules = (
			);
			dependencies = (
			);
			name = StatusBarTest;
			productName = StatusBarTest;
			productReference = 50D51F8D1952C6D5001E703B /* StatusBarTest.app */;
			productType = "com.apple.product-type.application";
		};
		50D51FAD1952C6D5001E703B /* StatusBarTestTests */ = {
			isa = PBXNativeTarget;
			buildConfigurationList = 50D51FC21952C6D5001E703B /* Build configuration list for PBXNativeTarget "StatusBarTestTests" */;
			buildPhases = (
				50D51FAA1952C6D5001E703B /* Sources */,
				50D51FAB1952C6D5001E703B /* Frameworks */,
				50D51FAC1952C6D5001E703B /* Resources */,
			);
			buildRules = (
			);
			dependencies = (
				50D51FB41952C6D5001E703B /* PBXTargetDependency */,
			);
			name = StatusBarTestTests;
			productName = StatusBarTestTests;
			productReference = 50D51FAE1952C6D5001E703B /* StatusBarTestTests.xctest */;
			productType = "com.apple.product-type.bundle.unit-test";
		};
/* End PBXNativeTarget section */

/* Begin PBXProject section */
		50D51F851952C6D5001E703B /* Project object */ = {
			isa = PBXProject;
			attributes = {
				CLASSPREFIX = BMX;
				LastUpgradeCheck = 0510;
				ORGANIZATIONNAME = "Massimiliano Bigatti";
				TargetAttributes = {
					50D51FAD1952C6D5001E703B = {
						TestTargetID = 50D51F8C1952C6D5001E703B;
					};
				};
			};
			buildConfigurationList = 50D51F881952C6D5001E703B /* Build configuration list for PBXProject "StatusBarTest" */;
			compatibilityVersion = "Xcode 3.2";
			developmentRegion = English;
			hasScannedForEncodings = 0;
			knownRegions = (
				en,
				Base,
			);
			mainGroup = 50D51F841952C6D5001E703B;
			productRefGroup = 50D51F8E1952C6D5001E703B /* Products */;
			projectDirPath = "";
			projectRoot = "";
			targets = (
				50D51F8C1952C6D5001E703B /* StatusBarTest */,
				50D51FAD1952C6D5001E703B /* StatusBarTestTests */,
			);
		};
/* End PBXProject section */

/* Begin PBXResourcesBuildPhase section */
		50D51F8B1952C6D5001E703B /* Resources */ = {
			isa = PBXResourcesBuildPhase;
			buildActionMask = 2147483647;
			files = (
				50D51FA91952C6D5001E703B /* Images.xcassets in Resources */,
				50D51F9B1952C6D5001E703B /* InfoPlist.strings in Resources */,
				50D51FA41952C6D5001E703B /* Main.storyboard in Resources */,
			);
			runOnlyForDeploymentPostprocessing = 0;
		};
		50D51FAC1952C6D5001E703B /* Resources */ = {
			isa = PBXResourcesBuildPhase;
			buildActionMask = 2147483647;
			files = (
				50D51FBA1952C6D5001E703B /* InfoPlist.strings in Resources */,
			);
			runOnlyForDeploymentPostprocessing = 0;
		};
/* End PBXResourcesBuildPhase section */

/* Begin PBXSourcesBuildPhase section */
		50D51F891952C6D5001E703B /* Sources */ = {
			isa = PBXSourcesBuildPhase;
			buildActionMask = 2147483647;
			files = (
				50D51FA11952C6D5001E703B /* BMXAppDelegate.m in Sources */,
				50D51FCA1952C7BE001E703B /* BMXViewController.m in Sources */,
				50746DAB195AD79100DA64F7 /* CEReversibleAnimationController.m in Sources */,
				50746DAA195AD79100DA64F7 /* CENatGeoAnimationController.m in Sources */,
				50D51F9D1952C6D5001E703B /* main.m in Sources */,
			);
			runOnlyForDeploymentPostprocessing = 0;
		};
		50D51FAA1952C6D5001E703B /* Sources */ = {
			isa = PBXSourcesBuildPhase;
			buildActionMask = 2147483647;
			files = (
				50D51FBC1952C6D5001E703B /* StatusBarTestTests.m in Sources */,
			);
			runOnlyForDeploymentPostprocessing = 0;
		};
/* End PBXSourcesBuildPhase section */

/* Begin PBXTargetDependency section */
		50D51FB41952C6D5001E703B /* PBXTargetDependency */ = {
			isa = PBXTargetDependency;
			target = 50D51F8C1952C6D5001E703B /* StatusBarTest */;
			targetProxy = 50D51FB31952C6D5001E703B /* PBXContainerItemProxy */;
		};
/* End PBXTargetDependency section */

/* Begin PBXVariantGroup section */
		50D51F991952C6D5001E703B /* InfoPlist.strings */ = {
			isa = PBXVariantGroup;
			children = (
				50D51F9A1952C6D5001E703B /* en */,
			);
			name = InfoPlist.strings;
			sourceTree = "<group>";
		};
		50D51FA21952C6D5001E703B /* Main.storyboard */ = {
			isa = PBXVariantGroup;
			children = (
				50D51FA31952C6D5001E703B /* Base */,
			);
			name = Main.storyboard;
			sourceTree = "<group>";
		};
		50D51FB81952C6D5001E703B /* InfoPlist.strings */ = {
			isa = PBXVariantGroup;
			children = (
				50D51FB91952C6D5001E703B /* en */,
			);
			name = InfoPlist.strings;
			sourceTree = "<group>";
		};
/* End PBXVariantGroup section */

/* Begin XCBuildConfiguration section */
		50D51FBD1952C6D5001E703B /* Debug */ = {
			isa = XCBuildConfiguration;
			buildSettings = {
				ALWAYS_SEARCH_USER_PATHS = NO;
				CLANG_CXX_LANGUAGE_STANDARD = "gnu++0x";
				CLANG_CXX_LIBRARY = "libc++";
				CLANG_ENABLE_MODULES = YES;
				CLANG_ENABLE_OBJC_ARC = YES;
				CLANG_WARN_BOOL_CONVERSION = YES;
				CLANG_WARN_CONSTANT_CONVERSION = YES;
				CLANG_WARN_DIRECT_OBJC_ISA_USAGE = YES_ERROR;
				CLANG_WARN_EMPTY_BODY = YES;
				CLANG_WARN_ENUM_CONVERSION = YES;
				CLANG_WARN_INT_CONVERSION = YES;
				CLANG_WARN_OBJC_ROOT_CLASS = YES_ERROR;
				CLANG_WARN__DUPLICATE_METHOD_MATCH = YES;
				"CODE_SIGN_IDENTITY[sdk=iphoneos*]" = "iPhone Developer";
				COPY_PHASE_STRIP = NO;
				GCC_C_LANGUAGE_STANDARD = gnu99;
				GCC_DYNAMIC_NO_PIC = NO;
				GCC_OPTIMIZATION_LEVEL = 0;
				GCC_PREPROCESSOR_DEFINITIONS = (
					"DEBUG=1",
					"$(inherited)",
				);
				GCC_SYMBOLS_PRIVATE_EXTERN = NO;
				GCC_WARN_64_TO_32_BIT_CONVERSION = YES;
				GCC_WARN_ABOUT_RETURN_TYPE = YES_ERROR;
				GCC_WARN_UNDECLARED_SELECTOR = YES;
				GCC_WARN_UNINITIALIZED_AUTOS = YES_AGGRESSIVE;
				GCC_WARN_UNUSED_FUNCTION = YES;
				GCC_WARN_UNUSED_VARIABLE = YES;
				IPHONEOS_DEPLOYMENT_TARGET = 7.1;
				ONLY_ACTIVE_ARCH = YES;
				SDKROOT = iphoneos;
			};
			name = Debug;
		};
		50D51FBE1952C6D5001E703B /* Release */ = {
			isa = XCBuildConfiguration;
			buildSettings = {
				ALWAYS_SEARCH_USER_PATHS = NO;
				CLANG_CXX_LANGUAGE_STANDARD = "gnu++0x";
				CLANG_CXX_LIBRARY = "libc++";
				CLANG_ENABLE_MODULES = YES;
				CLANG_ENABLE_OBJC_ARC = YES;
				CLANG_WARN_BOOL_CONVERSION = YES;
				CLANG_WARN_CONSTANT_CONVERSION = YES;
				CLANG_WARN_DIRECT_OBJC_ISA_USAGE = YES_ERROR;
				CLANG_WARN_EMPTY_BODY = YES;
				CLANG_WARN_ENUM_CONVERSION = YES;
				CLANG_WARN_INT_CONVERSION = YES;
				CLANG_WARN_OBJC_ROOT_CLASS = YES_ERROR;
				CLANG_WARN__DUPLICATE_METHOD_MATCH = YES;
				"CODE_SIGN_IDENTITY[sdk=iphoneos*]" = "iPhone Developer";
				COPY_PHASE_STRIP = YES;
				ENABLE_NS_ASSERTIONS = NO;
				GCC_C_LANGUAGE_STANDARD = gnu99;
				GCC_WARN_64_TO_32_BIT_CONVERSION = YES;
				GCC_WARN_ABOUT_RETURN_TYPE = YES_ERROR;
				GCC_WARN_UNDECLARED_SELECTOR = YES;
				GCC_WARN_UNINITIALIZED_AUTOS = YES_AGGRESSIVE;
				GCC_WARN_UNUSED_FUNCTION = YES;
				GCC_WARN_UNUSED_VARIABLE = YES;
				IPHONEOS_DEPLOYMENT_TARGET = 7.1;
				SDKROOT = iphoneos;
				VALIDATE_PRODUCT = YES;
			};
			name = Release;
		};
		50D51FC01952C6D5001E703B /* Debug */ = {
			isa = XCBuildConfiguration;
			buildSettings = {
				ASSETCATALOG_COMPILER_APPICON_NAME = AppIcon;
				ASSETCATALOG_COMPILER_LAUNCHIMAGE_NAME = LaunchImage;
				GCC_PRECOMPILE_PREFIX_HEADER = YES;
				GCC_PREFIX_HEADER = "StatusBarTest/StatusBarTest-Prefix.pch";
				INFOPLIST_FILE = "StatusBarTest/StatusBarTest-Info.plist";
				PRODUCT_NAME = "$(TARGET_NAME)";
				WRAPPER_EXTENSION = app;
			};
			name = Debug;
		};
		50D51FC11952C6D5001E703B /* Release */ = {
			isa = XCBuildConfiguration;
			buildSettings = {
				ASSETCATALOG_COMPILER_APPICON_NAME = AppIcon;
				ASSETCATALOG_COMPILER_LAUNCHIMAGE_NAME = LaunchImage;
				GCC_PRECOMPILE_PREFIX_HEADER = YES;
				GCC_PREFIX_HEADER = "StatusBarTest/StatusBarTest-Prefix.pch";
				INFOPLIST_FILE = "StatusBarTest/StatusBarTest-Info.plist";
				PRODUCT_NAME = "$(TARGET_NAME)";
				WRAPPER_EXTENSION = app;
			};
			name = Release;
		};
		50D51FC31952C6D5001E703B /* Debug */ = {
			isa = XCBuildConfiguration;
			buildSettings = {
				BUNDLE_LOADER = "$(BUILT_PRODUCTS_DIR)/StatusBarTest.app/StatusBarTest";
				FRAMEWORK_SEARCH_PATHS = (
					"$(SDKROOT)/Developer/Library/Frameworks",
					"$(inherited)",
					"$(DEVELOPER_FRAMEWORKS_DIR)",
				);
				GCC_PRECOMPILE_PREFIX_HEADER = YES;
				GCC_PREFIX_HEADER = "StatusBarTest/StatusBarTest-Prefix.pch";
				GCC_PREPROCESSOR_DEFINITIONS = (
					"DEBUG=1",
					"$(inherited)",
				);
				INFOPLIST_FILE = "StatusBarTestTests/StatusBarTestTests-Info.plist";
				PRODUCT_NAME = "$(TARGET_NAME)";
				TEST_HOST = "$(BUNDLE_LOADER)";
				WRAPPER_EXTENSION = xctest;
			};
			name = Debug;
		};
		50D51FC41952C6D5001E703B /* Release */ = {
			isa = XCBuildConfiguration;
			buildSettings = {
				BUNDLE_LOADER = "$(BUILT_PRODUCTS_DIR)/StatusBarTest.app/StatusBarTest";
				FRAMEWORK_SEARCH_PATHS = (
					"$(SDKROOT)/Developer/Library/Frameworks",
					"$(inherited)",
					"$(DEVELOPER_FRAMEWORKS_DIR)",
				);
				GCC_PRECOMPILE_PREFIX_HEADER = YES;
				GCC_PREFIX_HEADER = "StatusBarTest/StatusBarTest-Prefix.pch";
				INFOPLIST_FILE = "StatusBarTestTests/StatusBarTestTests-Info.plist";
				PRODUCT_NAME = "$(TARGET_NAME)";
				TEST_HOST = "$(BUNDLE_LOADER)";
				WRAPPER_EXTENSION = xctest;
			};
			name = Release;
		};
/* End XCBuildConfiguration section */

/* Begin XCConfigurationList section */
		50D51F881952C6D5001E703B /* Build configuration list for PBXProject "StatusBarTest" */ = {
			isa = XCConfigurationList;
			buildConfigurations = (
				50D51FBD1952C6D5001E703B /* Debug */,
				50D51FBE1952C6D5001E703B /* Release */,
			);
			defaultConfigurationIsVisible = 0;
			defaultConfigurationName = Release;
		};
		50D51FBF1952C6D5001E703B /* Build configuration list for PBXNativeTarget "StatusBarTest" */ = {
			isa = XCConfigurationList;
			buildConfigurations = (
				50D51FC01952C6D5001E703B /* Debug */,
				50D51FC11952C6D5001E703B /* Release */,
			);
			defaultConfigurationIsVisible = 0;
			defaultConfigurationName = Release;
		};
		50D51FC21952C6D5001E703B /* Build configuration list for PBXNativeTarget "StatusBarTestTests" */ = {
			isa = XCConfigurationList;
			buildConfigurations = (
				50D51FC31952C6D5001E703B /* Debug */,
				50D51FC41952C6D5001E703B /* Release */,
			);
			defaultConfigurationIsVisible = 0;
			defaultConfigurationName = Release;
		};
/* End XCConfigurationList section */
	};
	rootObject = 50D51F851952C6D5001E703B /* Project object */;
}
